
Microsoft Visual Studio Solution File, Format Version 12.00
# Visual Studio Version 17
VisualStudioVersion = 17.0.32112.339
MinimumVisualStudioVersion = 10.0.40219.1
Project("{FAE04EC0-301F-11D3-BF4B-00C04F79EFBC}") = "WpfApp1", "WpfApp1\WpfApp1.csproj", "{1A33BC7F-60B2-4DC3-A31A-3AA2B06E8D7D}"
EndProject
Global
	GlobalSection(SolutionConfigurationPlatforms) = preSolution
		Debug|Any CPU = Debug|Any CPU
		Release|Any CPU = Release|Any CPU
	EndGlobalSection
	GlobalSection(ProjectConfigurationPlatforms) = postSolution
		{1A33BC7F-60B2-4DC3-A31A-3AA2B06E8D7D}.Debug|Any CPU.ActiveCfg = Debug|Any CPU
		{1A33BC7F-60B2-4DC3-A31A-3AA2B06E8D7D}.Debug|Any CPU.Build.0 = Debug|Any CPU
		{1A33BC7F-60B2-4DC3-A31A-3AA2B06E8D7D}.Release|Any CPU.ActiveCfg = Release|Any CPU
		{1A33BC7F-60B2-4DC3-A31A-3AA2B06E8D7D}.Release|Any CPU.Build.0 = Release|Any CPU
	EndGlobalSection
	GlobalSection(SolutionProperties) = preSolution
		HideSolutionNode = FALSE
	EndGlobalSection
	GlobalSection(ExtensibilityGlobals) = postSolution
		SolutionGuid = {11D6C672-5FDE-4DBD-B6C2-7C96DABDDC4A}
	EndGlobalSection
EndGlobal
